{
  "version": 4,
  "terraform_version": "1.11.1",
  "serial": 71,
  "lineage": "8bdf9b69-fe8a-2b9f-79f9-cdfe16d2a046",
  "outputs": {
    "backend_url": {
      "value": "https://ovi-web-app-backend.azurewebsites.net",
      "type": "string"
    }
  },
  "resources": [
    {
      "mode": "managed",
      "type": "azurerm_linux_web_app",
      "name": "backend",
      "provider": "provider[\"registry.terraform.io/hashicorp/azurerm\"]",
      "instances": [
        {
          "schema_version": 1,
          "attributes": {
            "app_settings": {
              "SERVER_PORT": "80",
              "SPRING_DATASOURCE_PASSWORD": "P@ssw0rd123!",
              "SPRING_DATASOURCE_URL": "jdbc:mysql://ovi-web-app-server.mysql.database.azure.com:3306/ovi-web-app-db?allowPublicKeyRetrieval=true\u0026useSSL=true\u0026createDatabaseIfNotExist=true\u0026useUnicode=true\u0026useJDBCCompliantTimezoneShift=true\u0026useLegacyDatetimeCode=false\u0026serverTimezone=Europe/Paris",
              "SPRING_DATASOURCE_USERNAME": "mysqladmin"
            },
            "auth_settings": [],
            "auth_settings_v2": [],
            "backup": [],
            "client_affinity_enabled": false,
            "client_certificate_enabled": false,
            "client_certificate_exclusion_paths": "",
            "client_certificate_mode": "Required",
            "connection_string": [],
            "custom_domain_verification_id": "05CA5ED5F36827FC65C0E2E07FFA13BC17E3D5F95F93C4922FEAA375BB79B26A",
            "default_hostname": "ovi-web-app-backend.azurewebsites.net",
            "enabled": true,
            "ftp_publish_basic_authentication_enabled": true,
            "hosting_environment_id": "",
            "https_only": false,
            "id": "/subscriptions/fc4b0a21-cf38-4354-9ee7-f3532dd03c57/resourceGroups/ovi-web-app-rg/providers/Microsoft.Web/sites/ovi-web-app-backend",
            "identity": [],
            "key_vault_reference_identity_id": "SystemAssigned",
            "kind": "app,linux,container",
            "location": "centralus",
            "logs": [],
            "name": "ovi-web-app-backend",
            "outbound_ip_address_list": [
              "20.112.192.180",
              "20.112.192.185",
              "20.112.192.189",
              "20.112.192.203",
              "20.112.192.204",
              "20.112.192.214",
              "20.118.56.8"
            ],
            "outbound_ip_addresses": "20.112.192.180,20.112.192.185,20.112.192.189,20.112.192.203,20.112.192.204,20.112.192.214,20.118.56.8",
            "possible_outbound_ip_address_list": [
              "20.112.192.180",
              "20.112.192.185",
              "20.112.192.189",
              "20.112.192.203",
              "20.112.192.204",
              "20.112.192.214",
              "20.112.192.230",
              "20.112.192.241",
              "20.112.192.249",
              "20.112.193.15",
              "20.112.193.17",
              "20.112.193.109",
              "20.112.193.136",
              "20.112.193.171",
              "20.112.193.173",
              "20.112.193.182",
              "20.112.193.188",
              "20.112.193.197",
              "20.112.193.200",
              "20.112.193.217",
              "20.112.193.220",
              "20.112.193.223",
              "20.112.193.234",
              "20.112.193.238",
              "20.118.56.8"
            ],
            "possible_outbound_ip_addresses": "20.112.192.180,20.112.192.185,20.112.192.189,20.112.192.203,20.112.192.204,20.112.192.214,20.112.192.230,20.112.192.241,20.112.192.249,20.112.193.15,20.112.193.17,20.112.193.109,20.112.193.136,20.112.193.171,20.112.193.173,20.112.193.182,20.112.193.188,20.112.193.197,20.112.193.200,20.112.193.217,20.112.193.220,20.112.193.223,20.112.193.234,20.112.193.238,20.118.56.8",
            "public_network_access_enabled": true,
            "resource_group_name": "ovi-web-app-rg",
            "service_plan_id": "/subscriptions/fc4b0a21-cf38-4354-9ee7-f3532dd03c57/resourceGroups/ovi-web-app-rg/providers/Microsoft.Web/serverFarms/ovi-web-app-backend-asp",
            "site_config": [
              {
                "always_on": true,
                "api_definition_url": "",
                "api_management_api_id": "",
                "app_command_line": "",
                "application_stack": [
                  {
                    "docker_image_name": "spring-react-devops-appservice-backend:latest",
                    "docker_registry_password": "",
                    "docker_registry_url": "https://ghcr.io/hossainahnaf",
                    "docker_registry_username": "",
                    "dotnet_version": "",
                    "go_version": "",
                    "java_server": "",
                    "java_server_version": "",
                    "java_version": "",
                    "node_version": "",
                    "php_version": "",
                    "python_version": "",
                    "ruby_version": ""
                  }
                ],
                "auto_heal_setting": [],
                "container_registry_managed_identity_client_id": "",
                "container_registry_use_managed_identity": false,
                "cors": [],
                "default_documents": [
                  "Default.htm",
                  "Default.html",
                  "Default.asp",
                  "index.htm",
                  "index.html",
                  "iisstart.htm",
                  "default.aspx",
                  "index.php",
                  "hostingstart.html"
                ],
                "detailed_error_logging_enabled": false,
                "ftps_state": "Disabled",
                "health_check_eviction_time_in_min": 0,
                "health_check_path": "",
                "http2_enabled": false,
                "ip_restriction": [],
                "ip_restriction_default_action": "Allow",
                "linux_fx_version": "DOCKER|ghcr.io/hossainahnaf/spring-react-devops-appservice-backend:latest",
                "load_balancing_mode": "LeastRequests",
                "local_mysql_enabled": false,
                "managed_pipeline_mode": "Integrated",
                "minimum_tls_version": "1.2",
                "remote_debugging_enabled": false,
                "remote_debugging_version": "VS2022",
                "scm_ip_restriction": [],
                "scm_ip_restriction_default_action": "Allow",
                "scm_minimum_tls_version": "1.2",
                "scm_type": "None",
                "scm_use_main_ip_restriction": false,
                "use_32_bit_worker": true,
                "vnet_route_all_enabled": false,
                "websockets_enabled": false,
                "worker_count": 1
              }
            ],
            "site_credential": [
              {
                "name": "$ovi-web-app-backend",
                "password": "wLj3y8dvmfQclJyWNToYL48ne5arx9n3gZLqrcSwBqJjACQl0fK7rN74nLaH"
              }
            ],
            "sticky_settings": [],
            "storage_account": [],
            "tags": null,
            "timeouts": null,
            "virtual_network_backup_restore_enabled": false,
            "virtual_network_subnet_id": "",
            "webdeploy_publish_basic_authentication_enabled": true,
            "zip_deploy_file": ""
          },
          "sensitive_attributes": [
            [
              {
                "type": "get_attr",
                "value": "custom_domain_verification_id"
              }
            ],
            [
              {
                "type": "get_attr",
                "value": "site_config"
              },
              {
                "type": "index",
                "value": {
                  "value": 0,
                  "type": "number"
                }
              },
              {
                "type": "get_attr",
                "value": "application_stack"
              },
              {
                "type": "index",
                "value": {
                  "value": 0,
                  "type": "number"
                }
              },
              {
                "type": "get_attr",
                "value": "docker_registry_password"
              }
            ],
            [
              {
                "type": "get_attr",
                "value": "site_credential"
              }
            ]
          ],
          "private": "eyJlMmJmYjczMC1lY2FhLTExZTYtOGY4OC0zNDM2M2JjN2M0YzAiOnsiY3JlYXRlIjoxODAwMDAwMDAwMDAwLCJkZWxldGUiOjE4MDAwMDAwMDAwMDAsInJlYWQiOjMwMDAwMDAwMDAwMCwidXBkYXRlIjoxODAwMDAwMDAwMDAwfSwic2NoZW1hX3ZlcnNpb24iOiIxIn0=",
          "dependencies": [
            "azurerm_mysql_flexible_database.main",
            "azurerm_mysql_flexible_server.main",
            "azurerm_private_dns_zone.server",
            "azurerm_resource_group.main",
            "azurerm_service_plan.backend-plan",
            "azurerm_subnet.server",
            "azurerm_virtual_network.main"
          ]
        }
      ]
    },
    {
      "mode": "managed",
      "type": "azurerm_linux_web_app",
      "name": "frontend",
      "provider": "provider[\"registry.terraform.io/hashicorp/azurerm\"]",
      "instances": [
        {
          "schema_version": 1,
          "attributes": {
            "app_settings": {},
            "auth_settings": [],
            "auth_settings_v2": [],
            "backup": [],
            "client_affinity_enabled": false,
            "client_certificate_enabled": false,
            "client_certificate_exclusion_paths": "",
            "client_certificate_mode": "Required",
            "connection_string": [],
            "custom_domain_verification_id": "05CA5ED5F36827FC65C0E2E07FFA13BC17E3D5F95F93C4922FEAA375BB79B26A",
            "default_hostname": "ovi-web-app-frontend.azurewebsites.net",
            "enabled": true,
            "ftp_publish_basic_authentication_enabled": true,
            "hosting_environment_id": "",
            "https_only": false,
            "id": "/subscriptions/fc4b0a21-cf38-4354-9ee7-f3532dd03c57/resourceGroups/ovi-web-app-rg/providers/Microsoft.Web/sites/ovi-web-app-frontend",
            "identity": [],
            "key_vault_reference_identity_id": "SystemAssigned",
            "kind": "app,linux,container",
            "location": "centralus",
            "logs": [],
            "name": "ovi-web-app-frontend",
            "outbound_ip_address_list": [
              "20.112.192.180",
              "20.112.192.185",
              "20.112.192.189",
              "20.112.192.203",
              "20.112.192.204",
              "20.112.192.214",
              "20.118.56.8"
            ],
            "outbound_ip_addresses": "20.112.192.180,20.112.192.185,20.112.192.189,20.112.192.203,20.112.192.204,20.112.192.214,20.118.56.8",
            "possible_outbound_ip_address_list": [
              "20.112.192.180",
              "20.112.192.185",
              "20.112.192.189",
              "20.112.192.203",
              "20.112.192.204",
              "20.112.192.214",
              "20.112.192.230",
              "20.112.192.241",
              "20.112.192.249",
              "20.112.193.15",
              "20.112.193.17",
              "20.112.193.109",
              "20.112.193.136",
              "20.112.193.171",
              "20.112.193.173",
              "20.112.193.182",
              "20.112.193.188",
              "20.112.193.197",
              "20.112.193.200",
              "20.112.193.217",
              "20.112.193.220",
              "20.112.193.223",
              "20.112.193.234",
              "20.112.193.238",
              "20.118.56.8"
            ],
            "possible_outbound_ip_addresses": "20.112.192.180,20.112.192.185,20.112.192.189,20.112.192.203,20.112.192.204,20.112.192.214,20.112.192.230,20.112.192.241,20.112.192.249,20.112.193.15,20.112.193.17,20.112.193.109,20.112.193.136,20.112.193.171,20.112.193.173,20.112.193.182,20.112.193.188,20.112.193.197,20.112.193.200,20.112.193.217,20.112.193.220,20.112.193.223,20.112.193.234,20.112.193.238,20.118.56.8",
            "public_network_access_enabled": true,
            "resource_group_name": "ovi-web-app-rg",
            "service_plan_id": "/subscriptions/fc4b0a21-cf38-4354-9ee7-f3532dd03c57/resourceGroups/ovi-web-app-rg/providers/Microsoft.Web/serverFarms/ovi-web-app-frontend-asp",
            "site_config": [
              {
                "always_on": false,
                "api_definition_url": "",
                "api_management_api_id": "",
                "app_command_line": "",
                "application_stack": [
                  {
                    "docker_image_name": "spring-react-devops-appservice-frontend:latest",
                    "docker_registry_password": "",
                    "docker_registry_url": "https://ghcr.io/hossainahnaf",
                    "docker_registry_username": "",
                    "dotnet_version": "",
                    "go_version": "",
                    "java_server": "",
                    "java_server_version": "",
                    "java_version": "",
                    "node_version": "",
                    "php_version": "",
                    "python_version": "",
                    "ruby_version": ""
                  }
                ],
                "auto_heal_setting": [],
                "container_registry_managed_identity_client_id": "",
                "container_registry_use_managed_identity": false,
                "cors": [],
                "default_documents": [
                  "Default.htm",
                  "Default.html",
                  "Default.asp",
                  "index.htm",
                  "index.html",
                  "iisstart.htm",
                  "default.aspx",
                  "index.php",
                  "hostingstart.html"
                ],
                "detailed_error_logging_enabled": false,
                "ftps_state": "Disabled",
                "health_check_eviction_time_in_min": 0,
                "health_check_path": "",
                "http2_enabled": false,
                "ip_restriction": [],
                "ip_restriction_default_action": "Allow",
                "linux_fx_version": "DOCKER|ghcr.io/hossainahnaf/spring-react-devops-appservice-frontend:latest",
                "load_balancing_mode": "LeastRequests",
                "local_mysql_enabled": false,
                "managed_pipeline_mode": "Integrated",
                "minimum_tls_version": "1.2",
                "remote_debugging_enabled": false,
                "remote_debugging_version": "VS2022",
                "scm_ip_restriction": [],
                "scm_ip_restriction_default_action": "Allow",
                "scm_minimum_tls_version": "1.2",
                "scm_type": "None",
                "scm_use_main_ip_restriction": false,
                "use_32_bit_worker": true,
                "vnet_route_all_enabled": false,
                "websockets_enabled": false,
                "worker_count": 1
              }
            ],
            "site_credential": [
              {
                "name": "$ovi-web-app-frontend",
                "password": "Az7BmS3HeRqnSPFlKK90jecMeoPkjBgdfNDuqmY0LN3fmojydMgF8GCQ45Hf"
              }
            ],
            "sticky_settings": [],
            "storage_account": [],
            "tags": {},
            "timeouts": null,
            "virtual_network_backup_restore_enabled": false,
            "virtual_network_subnet_id": "",
            "webdeploy_publish_basic_authentication_enabled": true,
            "zip_deploy_file": ""
          },
          "sensitive_attributes": [
            [
              {
                "type": "get_attr",
                "value": "site_credential"
              }
            ],
            [
              {
                "type": "get_attr",
                "value": "custom_domain_verification_id"
              }
            ],
            [
              {
                "type": "get_attr",
                "value": "site_config"
              },
              {
                "type": "index",
                "value": {
                  "value": 0,
                  "type": "number"
                }
              },
              {
                "type": "get_attr",
                "value": "application_stack"
              },
              {
                "type": "index",
                "value": {
                  "value": 0,
                  "type": "number"
                }
              },
              {
                "type": "get_attr",
                "value": "docker_registry_password"
              }
            ]
          ],
          "private": "eyJlMmJmYjczMC1lY2FhLTExZTYtOGY4OC0zNDM2M2JjN2M0YzAiOnsiY3JlYXRlIjoxODAwMDAwMDAwMDAwLCJkZWxldGUiOjE4MDAwMDAwMDAwMDAsInJlYWQiOjMwMDAwMDAwMDAwMCwidXBkYXRlIjoxODAwMDAwMDAwMDAwfSwic2NoZW1hX3ZlcnNpb24iOiIxIn0=",
          "dependencies": [
            "azurerm_resource_group.main",
            "azurerm_service_plan.frontend-plan"
          ]
        }
      ]
    },
    {
      "mode": "managed",
      "type": "azurerm_mysql_flexible_database",
      "name": "main",
      "provider": "provider[\"registry.terraform.io/hashicorp/azurerm\"]",
      "instances": [
        {
          "schema_version": 0,
          "attributes": {
            "charset": "utf8mb4",
            "collation": "utf8mb4_unicode_ci",
            "id": "/subscriptions/fc4b0a21-cf38-4354-9ee7-f3532dd03c57/resourceGroups/ovi-web-app-rg/providers/Microsoft.DBforMySQL/flexibleServers/ovi-web-app-server/databases/ovi-web-app-db",
            "name": "ovi-web-app-db",
            "resource_group_name": "ovi-web-app-rg",
            "server_name": "ovi-web-app-server",
            "timeouts": null
          },
          "sensitive_attributes": [],
          "private": "eyJlMmJmYjczMC1lY2FhLTExZTYtOGY4OC0zNDM2M2JjN2M0YzAiOnsiY3JlYXRlIjozNjAwMDAwMDAwMDAwLCJkZWxldGUiOjM2MDAwMDAwMDAwMDAsInJlYWQiOjMwMDAwMDAwMDAwMH19",
          "dependencies": [
            "azurerm_mysql_flexible_server.main",
            "azurerm_private_dns_zone.server",
            "azurerm_resource_group.main",
            "azurerm_subnet.server",
            "azurerm_virtual_network.main"
          ]
        }
      ]
    },
    {
      "mode": "managed",
      "type": "azurerm_mysql_flexible_server",
      "name": "main",
      "provider": "provider[\"registry.terraform.io/hashicorp/azurerm\"]",
      "instances": [
        {
          "schema_version": 0,
          "attributes": {
            "administrator_login": "mysqladmin",
            "administrator_password": "P@ssw0rd123!",
            "administrator_password_wo": null,
            "administrator_password_wo_version": 0,
            "backup_retention_days": 7,
            "create_mode": null,
            "customer_managed_key": [],
            "delegated_subnet_id": "/subscriptions/fc4b0a21-cf38-4354-9ee7-f3532dd03c57/resourceGroups/ovi-web-app-rg/providers/Microsoft.Network/virtualNetworks/ovi-web-app-vnet/subnets/ovi-web-app-server-subnet",
            "fqdn": "ovi-web-app-server.mysql.database.azure.com",
            "geo_redundant_backup_enabled": false,
            "high_availability": [],
            "id": "/subscriptions/fc4b0a21-cf38-4354-9ee7-f3532dd03c57/resourceGroups/ovi-web-app-rg/providers/Microsoft.DBforMySQL/flexibleServers/ovi-web-app-server",
            "identity": [],
            "location": "centralus",
            "maintenance_window": [],
            "name": "ovi-web-app-server",
            "point_in_time_restore_time_in_utc": null,
            "private_dns_zone_id": "/subscriptions/fc4b0a21-cf38-4354-9ee7-f3532dd03c57/resourceGroups/ovi-web-app-rg/providers/Microsoft.Network/privateDnsZones/privatelink.mysql.database.azure.com",
            "public_network_access": "Disabled",
            "public_network_access_enabled": false,
            "replica_capacity": 10,
            "replication_role": "None",
            "resource_group_name": "ovi-web-app-rg",
            "sku_name": "B_Standard_B1ms",
            "source_server_id": "",
            "storage": [
              {
                "auto_grow_enabled": true,
                "io_scaling_enabled": false,
                "iops": 360,
                "log_on_disk_enabled": false,
                "size_gb": 20
              }
            ],
            "tags": null,
            "timeouts": null,
            "version": "8.0.21",
            "zone": "1"
          },
          "sensitive_attributes": [
            [
              {
                "type": "get_attr",
                "value": "administrator_password"
              }
            ]
          ],
          "private": "eyJlMmJmYjczMC1lY2FhLTExZTYtOGY4OC0zNDM2M2JjN2M0YzAiOnsiY3JlYXRlIjo3MjAwMDAwMDAwMDAwLCJkZWxldGUiOjM2MDAwMDAwMDAwMDAsInJlYWQiOjMwMDAwMDAwMDAwMCwidXBkYXRlIjo3MjAwMDAwMDAwMDAwfX0=",
          "dependencies": [
            "azurerm_private_dns_zone.server",
            "azurerm_resource_group.main",
            "azurerm_subnet.server",
            "azurerm_virtual_network.main"
          ]
        }
      ]
    },
    {
      "mode": "managed",
      "type": "azurerm_private_dns_zone",
      "name": "server",
      "provider": "provider[\"registry.terraform.io/hashicorp/azurerm\"]",
      "instances": [
        {
          "schema_version": 0,
          "attributes": {
            "id": "/subscriptions/fc4b0a21-cf38-4354-9ee7-f3532dd03c57/resourceGroups/ovi-web-app-rg/providers/Microsoft.Network/privateDnsZones/privatelink.mysql.database.azure.com",
            "max_number_of_record_sets": 25000,
            "max_number_of_virtual_network_links": 1000,
            "max_number_of_virtual_network_links_with_registration": 100,
            "name": "privatelink.mysql.database.azure.com",
            "number_of_record_sets": 1,
            "resource_group_name": "ovi-web-app-rg",
            "soa_record": [
              {
                "email": "azureprivatedns-host.microsoft.com",
                "expire_time": 2419200,
                "fqdn": "privatelink.mysql.database.azure.com.",
                "host_name": "azureprivatedns.net",
                "minimum_ttl": 10,
                "refresh_time": 3600,
                "retry_time": 300,
                "serial_number": 1,
                "tags": {},
                "ttl": 3600
              }
            ],
            "tags": {},
            "timeouts": null
          },
          "sensitive_attributes": [],
          "private": "eyJlMmJmYjczMC1lY2FhLTExZTYtOGY4OC0zNDM2M2JjN2M0YzAiOnsiY3JlYXRlIjoxODAwMDAwMDAwMDAwLCJkZWxldGUiOjE4MDAwMDAwMDAwMDAsInJlYWQiOjMwMDAwMDAwMDAwMCwidXBkYXRlIjoxODAwMDAwMDAwMDAwfX0=",
          "dependencies": [
            "azurerm_resource_group.main"
          ]
        }
      ]
    },
    {
      "mode": "managed",
      "type": "azurerm_private_dns_zone_virtual_network_link",
      "name": "server",
      "provider": "provider[\"registry.terraform.io/hashicorp/azurerm\"]",
      "instances": [
        {
          "schema_version": 0,
          "attributes": {
            "id": "/subscriptions/fc4b0a21-cf38-4354-9ee7-f3532dd03c57/resourceGroups/ovi-web-app-rg/providers/Microsoft.Network/privateDnsZones/privatelink.mysql.database.azure.com/virtualNetworkLinks/server-dns-link",
            "name": "server-dns-link",
            "private_dns_zone_name": "privatelink.mysql.database.azure.com",
            "registration_enabled": false,
            "resource_group_name": "ovi-web-app-rg",
            "tags": {},
            "timeouts": null,
            "virtual_network_id": "/subscriptions/fc4b0a21-cf38-4354-9ee7-f3532dd03c57/resourceGroups/ovi-web-app-rg/providers/Microsoft.Network/virtualNetworks/ovi-web-app-vnet"
          },
          "sensitive_attributes": [],
          "private": "eyJlMmJmYjczMC1lY2FhLTExZTYtOGY4OC0zNDM2M2JjN2M0YzAiOnsiY3JlYXRlIjoxODAwMDAwMDAwMDAwLCJkZWxldGUiOjE4MDAwMDAwMDAwMDAsInJlYWQiOjMwMDAwMDAwMDAwMCwidXBkYXRlIjoxODAwMDAwMDAwMDAwfX0=",
          "dependencies": [
            "azurerm_private_dns_zone.server",
            "azurerm_resource_group.main",
            "azurerm_virtual_network.main"
          ]
        }
      ]
    },
    {
      "mode": "managed",
      "type": "azurerm_resource_group",
      "name": "main",
      "provider": "provider[\"registry.terraform.io/hashicorp/azurerm\"]",
      "instances": [
        {
          "schema_version": 0,
          "attributes": {
            "id": "/subscriptions/fc4b0a21-cf38-4354-9ee7-f3532dd03c57/resourceGroups/ovi-web-app-rg",
            "location": "centralus",
            "managed_by": "",
            "name": "ovi-web-app-rg",
            "tags": {},
            "timeouts": null
          },
          "sensitive_attributes": [],
          "private": "eyJlMmJmYjczMC1lY2FhLTExZTYtOGY4OC0zNDM2M2JjN2M0YzAiOnsiY3JlYXRlIjo1NDAwMDAwMDAwMDAwLCJkZWxldGUiOjU0MDAwMDAwMDAwMDAsInJlYWQiOjMwMDAwMDAwMDAwMCwidXBkYXRlIjo1NDAwMDAwMDAwMDAwfX0="
        }
      ]
    },
    {
      "mode": "managed",
      "type": "azurerm_service_plan",
      "name": "backend-plan",
      "provider": "provider[\"registry.terraform.io/hashicorp/azurerm\"]",
      "instances": [
        {
          "schema_version": 1,
          "attributes": {
            "app_service_environment_id": "",
            "id": "/subscriptions/fc4b0a21-cf38-4354-9ee7-f3532dd03c57/resourceGroups/ovi-web-app-rg/providers/Microsoft.Web/serverFarms/ovi-web-app-backend-asp",
            "kind": "linux",
            "location": "centralus",
            "maximum_elastic_worker_count": 1,
            "name": "ovi-web-app-backend-asp",
            "os_type": "Linux",
            "per_site_scaling_enabled": false,
            "premium_plan_auto_scale_enabled": false,
            "reserved": true,
            "resource_group_name": "ovi-web-app-rg",
            "sku_name": "B1",
            "tags": {},
            "timeouts": null,
            "worker_count": 1,
            "zone_balancing_enabled": false
          },
          "sensitive_attributes": [],
          "private": "eyJlMmJmYjczMC1lY2FhLTExZTYtOGY4OC0zNDM2M2JjN2M0YzAiOnsiY3JlYXRlIjozNjAwMDAwMDAwMDAwLCJkZWxldGUiOjM2MDAwMDAwMDAwMDAsInJlYWQiOjMwMDAwMDAwMDAwMCwidXBkYXRlIjozNjAwMDAwMDAwMDAwfSwic2NoZW1hX3ZlcnNpb24iOiIxIn0=",
          "dependencies": [
            "azurerm_resource_group.main"
          ]
        }
      ]
    },
    {
      "mode": "managed",
      "type": "azurerm_service_plan",
      "name": "frontend-plan",
      "provider": "provider[\"registry.terraform.io/hashicorp/azurerm\"]",
      "instances": [
        {
          "schema_version": 1,
          "attributes": {
            "app_service_environment_id": "",
            "id": "/subscriptions/fc4b0a21-cf38-4354-9ee7-f3532dd03c57/resourceGroups/ovi-web-app-rg/providers/Microsoft.Web/serverFarms/ovi-web-app-frontend-asp",
            "kind": "linux",
            "location": "centralus",
            "maximum_elastic_worker_count": 1,
            "name": "ovi-web-app-frontend-asp",
            "os_type": "Linux",
            "per_site_scaling_enabled": false,
            "premium_plan_auto_scale_enabled": false,
            "reserved": true,
            "resource_group_name": "ovi-web-app-rg",
            "sku_name": "B1",
            "tags": {},
            "timeouts": null,
            "worker_count": 1,
            "zone_balancing_enabled": false
          },
          "sensitive_attributes": [],
          "private": "eyJlMmJmYjczMC1lY2FhLTExZTYtOGY4OC0zNDM2M2JjN2M0YzAiOnsiY3JlYXRlIjozNjAwMDAwMDAwMDAwLCJkZWxldGUiOjM2MDAwMDAwMDAwMDAsInJlYWQiOjMwMDAwMDAwMDAwMCwidXBkYXRlIjozNjAwMDAwMDAwMDAwfSwic2NoZW1hX3ZlcnNpb24iOiIxIn0=",
          "dependencies": [
            "azurerm_resource_group.main"
          ]
        }
      ]
    },
    {
      "mode": "managed",
      "type": "azurerm_subnet",
      "name": "app_subnet",
      "provider": "provider[\"registry.terraform.io/hashicorp/azurerm\"]",
      "instances": [
        {
          "schema_version": 0,
          "attributes": {
            "address_prefixes": [
              "10.0.2.0/24"
            ],
            "default_outbound_access_enabled": true,
            "delegation": [],
            "id": "/subscriptions/fc4b0a21-cf38-4354-9ee7-f3532dd03c57/resourceGroups/ovi-web-app-rg/providers/Microsoft.Network/virtualNetworks/ovi-web-app-vnet/subnets/ovi-web-app-app-subnet",
            "name": "ovi-web-app-app-subnet",
            "private_endpoint_network_policies": "Disabled",
            "private_link_service_network_policies_enabled": true,
            "resource_group_name": "ovi-web-app-rg",
            "service_endpoint_policy_ids": [],
            "service_endpoints": [],
            "timeouts": null,
            "virtual_network_name": "ovi-web-app-vnet"
          },
          "sensitive_attributes": [],
          "private": "eyJlMmJmYjczMC1lY2FhLTExZTYtOGY4OC0zNDM2M2JjN2M0YzAiOnsiY3JlYXRlIjoxODAwMDAwMDAwMDAwLCJkZWxldGUiOjE4MDAwMDAwMDAwMDAsInJlYWQiOjMwMDAwMDAwMDAwMCwidXBkYXRlIjoxODAwMDAwMDAwMDAwfX0=",
          "dependencies": [
            "azurerm_resource_group.main",
            "azurerm_virtual_network.main"
          ]
        }
      ]
    },
    {
      "mode": "managed",
      "type": "azurerm_subnet",
      "name": "server",
      "provider": "provider[\"registry.terraform.io/hashicorp/azurerm\"]",
      "instances": [
        {
          "schema_version": 0,
          "attributes": {
            "address_prefixes": [
              "10.0.1.0/24"
            ],
            "default_outbound_access_enabled": true,
            "delegation": [
              {
                "name": "mysqlDelegation",
                "service_delegation": [
                  {
                    "actions": [
                      "Microsoft.Network/virtualNetworks/subnets/action"
                    ],
                    "name": "Microsoft.DBforMySQL/flexibleServers"
                  }
                ]
              }
            ],
            "id": "/subscriptions/fc4b0a21-cf38-4354-9ee7-f3532dd03c57/resourceGroups/ovi-web-app-rg/providers/Microsoft.Network/virtualNetworks/ovi-web-app-vnet/subnets/ovi-web-app-server-subnet",
            "name": "ovi-web-app-server-subnet",
            "private_endpoint_network_policies": "Disabled",
            "private_link_service_network_policies_enabled": true,
            "resource_group_name": "ovi-web-app-rg",
            "service_endpoint_policy_ids": [],
            "service_endpoints": [],
            "timeouts": null,
            "virtual_network_name": "ovi-web-app-vnet"
          },
          "sensitive_attributes": [],
          "private": "eyJlMmJmYjczMC1lY2FhLTExZTYtOGY4OC0zNDM2M2JjN2M0YzAiOnsiY3JlYXRlIjoxODAwMDAwMDAwMDAwLCJkZWxldGUiOjE4MDAwMDAwMDAwMDAsInJlYWQiOjMwMDAwMDAwMDAwMCwidXBkYXRlIjoxODAwMDAwMDAwMDAwfX0=",
          "dependencies": [
            "azurerm_resource_group.main",
            "azurerm_virtual_network.main"
          ]
        }
      ]
    },
    {
      "mode": "managed",
      "type": "azurerm_virtual_network",
      "name": "main",
      "provider": "provider[\"registry.terraform.io/hashicorp/azurerm\"]",
      "instances": [
        {
          "schema_version": 0,
          "attributes": {
            "address_space": [
              "10.0.0.0/16"
            ],
            "bgp_community": "",
            "ddos_protection_plan": [],
            "dns_servers": [],
            "edge_zone": "",
            "encryption": [],
            "flow_timeout_in_minutes": 0,
            "guid": "aea23e95-5cce-49a7-a045-a0668e37f4b2",
            "id": "/subscriptions/fc4b0a21-cf38-4354-9ee7-f3532dd03c57/resourceGroups/ovi-web-app-rg/providers/Microsoft.Network/virtualNetworks/ovi-web-app-vnet",
            "ip_address_pool": [],
            "location": "centralus",
            "name": "ovi-web-app-vnet",
            "private_endpoint_vnet_policies": "Disabled",
            "resource_group_name": "ovi-web-app-rg",
            "subnet": [
              {
                "address_prefixes": [
                  "10.0.1.0/24"
                ],
                "default_outbound_access_enabled": true,
                "delegation": [
                  {
                    "name": "mysqlDelegation",
                    "service_delegation": [
                      {
                        "actions": [
                          "Microsoft.Network/virtualNetworks/subnets/join/action"
                        ],
                        "name": "Microsoft.DBforMySQL/flexibleServers"
                      }
                    ]
                  }
                ],
                "id": "/subscriptions/fc4b0a21-cf38-4354-9ee7-f3532dd03c57/resourceGroups/ovi-web-app-rg/providers/Microsoft.Network/virtualNetworks/ovi-web-app-vnet/subnets/ovi-web-app-server-subnet",
                "name": "ovi-web-app-server-subnet",
                "private_endpoint_network_policies": "Disabled",
                "private_link_service_network_policies_enabled": true,
                "route_table_id": "",
                "security_group": "",
                "service_endpoint_policy_ids": [],
                "service_endpoints": []
              },
              {
                "address_prefixes": [
                  "10.0.2.0/24"
                ],
                "default_outbound_access_enabled": true,
                "delegation": [],
                "id": "/subscriptions/fc4b0a21-cf38-4354-9ee7-f3532dd03c57/resourceGroups/ovi-web-app-rg/providers/Microsoft.Network/virtualNetworks/ovi-web-app-vnet/subnets/ovi-web-app-app-subnet",
                "name": "ovi-web-app-app-subnet",
                "private_endpoint_network_policies": "Disabled",
                "private_link_service_network_policies_enabled": true,
                "route_table_id": "",
                "security_group": "",
                "service_endpoint_policy_ids": [],
                "service_endpoints": []
              }
            ],
            "tags": {},
            "timeouts": null
          },
          "sensitive_attributes": [],
          "private": "eyJlMmJmYjczMC1lY2FhLTExZTYtOGY4OC0zNDM2M2JjN2M0YzAiOnsiY3JlYXRlIjoxODAwMDAwMDAwMDAwLCJkZWxldGUiOjE4MDAwMDAwMDAwMDAsInJlYWQiOjMwMDAwMDAwMDAwMCwidXBkYXRlIjoxODAwMDAwMDAwMDAwfX0=",
          "dependencies": [
            "azurerm_resource_group.main"
          ]
        }
      ]
    }
  ],
  "check_results": null
}
